{
  "name": "js-file-navigator-class",
  "lockfileVersion": 2,
  "requires": true,
  "packages": {
    "": {
      "dependencies": {
        "ace-builds": "^1.34.1"
      }
    },
    "node_modules/ace-builds": {
      "version": "1.34.1",
      "resolved": "https://registry.npmjs.org/ace-builds/-/ace-builds-1.34.1.tgz",
      "integrity": "sha512-hwRzr6BkRwsq5A19yA9E36KNNtn0+zESYolnWK3TADJsWVQS0T24nvbgdjXwqk2JEMQXE4PlqAw+ZgprvFtKjw=="
    }
  },
  "dependencies": {
    "ace-builds": {
      "version": "1.34.1",
      "resolved": "https://registry.npmjs.org/ace-builds/-/ace-builds-1.34.1.tgz",
      "integrity": "sha512-hwRzr6BkRwsq5A19yA9E36KNNtn0+zESYolnWK3TADJsWVQS0T24nvbgdjXwqk2JEMQXE4PlqAw+ZgprvFtKjw=="
    }
  }
}
